
Microsoft Visual Studio Solution File, Format Version 12.00
# Visual Studio Version 16
VisualStudioVersion = 16.0.32228.343
MinimumVisualStudioVersion = 10.0.40219.1
Project("{FAE04EC0-301F-11D3-BF4B-00C04F79EFBC}") = "Down Casting, Operators", "Down Casting, Operators.csproj", "{DED394CF-78ED-4813-B980-795DC885E8A7}"
EndProject
Global
	GlobalSection(SolutionConfigurationPlatforms) = preSolution
		Debug|Any CPU = Debug|Any CPU
		Release|Any CPU = Release|Any CPU
	EndGlobalSection
	GlobalSection(ProjectConfigurationPlatforms) = postSolution
		{DED394CF-78ED-4813-B980-795DC885E8A7}.Debug|Any CPU.ActiveCfg = Debug|Any CPU
		{DED394CF-78ED-4813-B980-795DC885E8A7}.Debug|Any CPU.Build.0 = Debug|Any CPU
		{DED394CF-78ED-4813-B980-795DC885E8A7}.Release|Any CPU.ActiveCfg = Release|Any CPU
		{DED394CF-78ED-4813-B980-795DC885E8A7}.Release|Any CPU.Build.0 = Release|Any CPU
	EndGlobalSection
	GlobalSection(SolutionProperties) = preSolution
		HideSolutionNode = FALSE
	EndGlobalSection
	GlobalSection(ExtensibilityGlobals) = postSolution
		SolutionGuid = {7C1EBF86-515E-4B29-89B7-BC804B3E50C4}
	EndGlobalSection
EndGlobal
